
Microsoft Visual Studio Solution File, Format Version 12.00
# Visual Studio Version 17
VisualStudioVersion = 17.7.34009.444
MinimumVisualStudioVersion = 10.0.40219.1
Project("{FAE04EC0-301F-11D3-BF4B-00C04F79EFBC}") = "DeskUI", "DeskUI\DeskUI.csproj", "{BBB0AE68-C7C1-464A-97E7-09C49679E018}"
EndProject
Global
	GlobalSection(SolutionConfigurationPlatforms) = preSolution
		Debug|Any CPU = Debug|Any CPU
		Release|Any CPU = Release|Any CPU
	EndGlobalSection
	GlobalSection(ProjectConfigurationPlatforms) = postSolution
		{BBB0AE68-C7C1-464A-97E7-09C49679E018}.Debug|Any CPU.ActiveCfg = Debug|Any CPU
		{BBB0AE68-C7C1-464A-97E7-09C49679E018}.Debug|Any CPU.Build.0 = Debug|Any CPU
		{BBB0AE68-C7C1-464A-97E7-09C49679E018}.Release|Any CPU.ActiveCfg = Release|Any CPU
		{BBB0AE68-C7C1-464A-97E7-09C49679E018}.Release|Any CPU.Build.0 = Release|Any CPU
	EndGlobalSection
	GlobalSection(SolutionProperties) = preSolution
		HideSolutionNode = FALSE
	EndGlobalSection
	GlobalSection(ExtensibilityGlobals) = postSolution
		SolutionGuid = {5AE28315-3430-45BE-A6D7-FCA17AA8EFAB}
	EndGlobalSection
EndGlobal
